
Microsoft Visual Studio Solution File, Format Version 12.00
# Visual Studio Version 16
VisualStudioVersion = 16.0.29519.181
MinimumVisualStudioVersion = 10.0.40219.1
Project("{FAE04EC0-301F-11D3-BF4B-00C04F79EFBC}") = "ExpenseTracker", "ExpenseTracker\ExpenseTracker.csproj", "{8C2A7EFB-415D-495C-B595-41D79E3A03BB}"
EndProject
Global
	GlobalSection(SolutionConfigurationPlatforms) = preSolution
		Debug|Any CPU = Debug|Any CPU
		Release|Any CPU = Release|Any CPU
	EndGlobalSection
	GlobalSection(ProjectConfigurationPlatforms) = postSolution
		{8C2A7EFB-415D-495C-B595-41D79E3A03BB}.Debug|Any CPU.ActiveCfg = Debug|Any CPU
		{8C2A7EFB-415D-495C-B595-41D79E3A03BB}.Debug|Any CPU.Build.0 = Debug|Any CPU
		{8C2A7EFB-415D-495C-B595-41D79E3A03BB}.Release|Any CPU.ActiveCfg = Release|Any CPU
		{8C2A7EFB-415D-495C-B595-41D79E3A03BB}.Release|Any CPU.Build.0 = Release|Any CPU
	EndGlobalSection
	GlobalSection(SolutionProperties) = preSolution
		HideSolutionNode = FALSE
	EndGlobalSection
	GlobalSection(ExtensibilityGlobals) = postSolution
		SolutionGuid = {F92B02B5-3ED4-4199-952E-87E07BEE949E}
	EndGlobalSection
EndGlobal
